
Microsoft Visual Studio Solution File, Format Version 12.00
# Visual Studio Version 16
VisualStudioVersion = 16.0.29709.97
MinimumVisualStudioVersion = 10.0.40219.1
Project("{9A19103F-16F7-4668-BE54-9A1E7A4F7556}") = "MyBrokenPage.Dal", "src\MyBrokenPage.Dal\MyBrokenPage.Dal.csproj", "{E6629767-4414-46A8-A335-1038E2C91458}"
EndProject
Project("{9A19103F-16F7-4668-BE54-9A1E7A4F7556}") = "MyBrokenPage.Bll", "src\MyBrokenPage.Bll\MyBrokenPage.Bll.csproj", "{DA5F1C65-3598-4948-A9BB-2ECFA795DCF5}"
EndProject
Project("{9A19103F-16F7-4668-BE54-9A1E7A4F7556}") = "MyBrokenPage.Models", "src\MyBrokenPage.Models\MyBrokenPage.Models.csproj", "{14A48A29-0525-46A8-BCD5-CFAE906248F7}"
EndProject
Project("{9A19103F-16F7-4668-BE54-9A1E7A4F7556}") = "MyBrokenPage.UI", "src\MyBrokenPage.UI\MyBrokenPage.UI.csproj", "{86BD07E1-1D57-49E7-902C-BF0A4B52151B}"
EndProject
Project("{9A19103F-16F7-4668-BE54-9A1E7A4F7556}") = "MyBrokenPage.Dal.Design", "src\MyBrokenPage.Dal.Design\MyBrokenPage.Dal.Design.csproj", "{9AB7DECE-3789-4E34-A4DC-8702E71B5CBE}"
EndProject
Global
	GlobalSection(SolutionConfigurationPlatforms) = preSolution
		Debug|Any CPU = Debug|Any CPU
		Release|Any CPU = Release|Any CPU
	EndGlobalSection
	GlobalSection(ProjectConfigurationPlatforms) = postSolution
		{E6629767-4414-46A8-A335-1038E2C91458}.Debug|Any CPU.ActiveCfg = Debug|Any CPU
		{E6629767-4414-46A8-A335-1038E2C91458}.Debug|Any CPU.Build.0 = Debug|Any CPU
		{E6629767-4414-46A8-A335-1038E2C91458}.Release|Any CPU.ActiveCfg = Release|Any CPU
		{E6629767-4414-46A8-A335-1038E2C91458}.Release|Any CPU.Build.0 = Release|Any CPU
		{DA5F1C65-3598-4948-A9BB-2ECFA795DCF5}.Debug|Any CPU.ActiveCfg = Debug|Any CPU
		{DA5F1C65-3598-4948-A9BB-2ECFA795DCF5}.Debug|Any CPU.Build.0 = Debug|Any CPU
		{DA5F1C65-3598-4948-A9BB-2ECFA795DCF5}.Release|Any CPU.ActiveCfg = Release|Any CPU
		{DA5F1C65-3598-4948-A9BB-2ECFA795DCF5}.Release|Any CPU.Build.0 = Release|Any CPU
		{14A48A29-0525-46A8-BCD5-CFAE906248F7}.Debug|Any CPU.ActiveCfg = Debug|Any CPU
		{14A48A29-0525-46A8-BCD5-CFAE906248F7}.Debug|Any CPU.Build.0 = Debug|Any CPU
		{14A48A29-0525-46A8-BCD5-CFAE906248F7}.Release|Any CPU.ActiveCfg = Release|Any CPU
		{14A48A29-0525-46A8-BCD5-CFAE906248F7}.Release|Any CPU.Build.0 = Release|Any CPU
		{86BD07E1-1D57-49E7-902C-BF0A4B52151B}.Debug|Any CPU.ActiveCfg = Debug|Any CPU
		{86BD07E1-1D57-49E7-902C-BF0A4B52151B}.Debug|Any CPU.Build.0 = Debug|Any CPU
		{86BD07E1-1D57-49E7-902C-BF0A4B52151B}.Release|Any CPU.ActiveCfg = Release|Any CPU
		{86BD07E1-1D57-49E7-902C-BF0A4B52151B}.Release|Any CPU.Build.0 = Release|Any CPU
		{9AB7DECE-3789-4E34-A4DC-8702E71B5CBE}.Debug|Any CPU.ActiveCfg = Debug|Any CPU
		{9AB7DECE-3789-4E34-A4DC-8702E71B5CBE}.Debug|Any CPU.Build.0 = Debug|Any CPU
		{9AB7DECE-3789-4E34-A4DC-8702E71B5CBE}.Release|Any CPU.ActiveCfg = Release|Any CPU
		{9AB7DECE-3789-4E34-A4DC-8702E71B5CBE}.Release|Any CPU.Build.0 = Release|Any CPU
	EndGlobalSection
	GlobalSection(SolutionProperties) = preSolution
		HideSolutionNode = FALSE
	EndGlobalSection
	GlobalSection(ExtensibilityGlobals) = postSolution
		SolutionGuid = {F2A6ED4C-8A4C-4792-B0DD-433B0FCB8E95}
	EndGlobalSection
EndGlobal
